
Microsoft Visual Studio Solution File, Format Version 12.00
# Visual Studio Version 17
VisualStudioVersion = 17.4.33213.308
MinimumVisualStudioVersion = 10.0.40219.1
Project("{FAE04EC0-301F-11D3-BF4B-00C04F79EFBC}") = "Week2Demo", "Week2Demo\Week2Demo.csproj", "{16FFF9B1-67A6-4481-A625-6EE0912D26A8}"
EndProject
Global
	GlobalSection(SolutionConfigurationPlatforms) = preSolution
		Debug|Any CPU = Debug|Any CPU
		Release|Any CPU = Release|Any CPU
	EndGlobalSection
	GlobalSection(ProjectConfigurationPlatforms) = postSolution
		{16FFF9B1-67A6-4481-A625-6EE0912D26A8}.Debug|Any CPU.ActiveCfg = Debug|Any CPU
		{16FFF9B1-67A6-4481-A625-6EE0912D26A8}.Debug|Any CPU.Build.0 = Debug|Any CPU
		{16FFF9B1-67A6-4481-A625-6EE0912D26A8}.Release|Any CPU.ActiveCfg = Release|Any CPU
		{16FFF9B1-67A6-4481-A625-6EE0912D26A8}.Release|Any CPU.Build.0 = Release|Any CPU
	EndGlobalSection
	GlobalSection(SolutionProperties) = preSolution
		HideSolutionNode = FALSE
	EndGlobalSection
	GlobalSection(ExtensibilityGlobals) = postSolution
		SolutionGuid = {2824E61A-1072-4509-8CDC-5FF3A003FBCD}
	EndGlobalSection
EndGlobal
